
Microsoft Visual Studio Solution File, Format Version 12.00
# Visual Studio 15
VisualStudioVersion = 15.0.27110.0
MinimumVisualStudioVersion = 10.0.40219.1
Project("{FAE04EC0-301F-11D3-BF4B-00C04F79EFBC}") = "SSH_KEY_GENERATER", "SSH_KEY_GENERATER\SSH_KEY_GENERATER.csproj", "{D2C758BF-FD3A-41DF-BE3E-7698A0AC58FD}"
EndProject
Global
	GlobalSection(SolutionConfigurationPlatforms) = preSolution
		Debug|Any CPU = Debug|Any CPU
		Release|Any CPU = Release|Any CPU
	EndGlobalSection
	GlobalSection(ProjectConfigurationPlatforms) = postSolution
		{D2C758BF-FD3A-41DF-BE3E-7698A0AC58FD}.Debug|Any CPU.ActiveCfg = Debug|Any CPU
		{D2C758BF-FD3A-41DF-BE3E-7698A0AC58FD}.Debug|Any CPU.Build.0 = Debug|Any CPU
		{D2C758BF-FD3A-41DF-BE3E-7698A0AC58FD}.Release|Any CPU.ActiveCfg = Release|Any CPU
		{D2C758BF-FD3A-41DF-BE3E-7698A0AC58FD}.Release|Any CPU.Build.0 = Release|Any CPU
	EndGlobalSection
	GlobalSection(SolutionProperties) = preSolution
		HideSolutionNode = FALSE
	EndGlobalSection
	GlobalSection(ExtensibilityGlobals) = postSolution
		SolutionGuid = {3E16364A-B9D0-4676-8646-5B1EA439BF85}
	EndGlobalSection
EndGlobal
